{
  "name": "cc-begin",
  "version": "3.1.2",
  "lockfileVersion": 2,
  "requires": true,
  "packages": {
    "": {
      "version": "3.1.2",
      "dependencies": {
        "@types/howler": "^2.2.3",
        "howler": "^2.2.3",
        "ig_core": "http://fay.capjoy.com/library_dist/ig_core-2.0.111.tgz"
      },
      "devDependencies": {
        "lzstring.ts": "^2.0.1"
      }
    },
    "node_modules/@types/howler": {
      "version": "2.2.3",
      "resolved": "https://registry.npmjs.org/@types/howler/-/howler-2.2.3.tgz",
      "integrity": "sha512-rzIE56NmGh7t8LdZT/zuBMa9iZvwqVmB65gNhwNLtrGEIHdWkEDp1fVmoM/zctR4UJZFe0uP01AmPuPzOwhecA=="
    },
    "node_modules/howler": {
      "version": "2.2.3",
      "resolved": "https://registry.npmjs.org/howler/-/howler-2.2.3.tgz",
      "integrity": "sha512-QM0FFkw0LRX1PR8pNzJVAY25JhIWvbKMBFM4gqk+QdV+kPXOhleWGCB6AiAF/goGjIHK2e/nIElplvjQwhr0jg=="
    },
    "node_modules/ig_core": {
      "version": "2.0.111",
      "resolved": "http://fay.capjoy.com/library_dist/ig_core-2.0.111.tgz",
      "integrity": "sha512-b4Nu0THR+skFrgMRvm2WNO88/1VozWh7jsUKJ/leLAOb12KZv2Gt8HCFs3B6EDuSqhkJ1IKDJuBr+KsC5o9QtQ=="
    },
    "node_modules/lzstring.ts": {
      "version": "2.0.1",
      "resolved": "https://registry.npmjs.org/lzstring.ts/-/lzstring.ts-2.0.1.tgz",
      "integrity": "sha512-7fx+pBL8YLShSXvdD1bl6DpO9lPOfKLfe91NtThs6xq1Uab+JYT/Nt3F8RqEjQIdNyVLaweLe1fTw3aJFPJ5Ww==",
      "dev": true,
      "dependencies": {
        "tslib": "^1.10.0"
      },
      "bin": {
        "lzstring": "build/bin.js"
      }
    }
  },
  "dependencies": {
    "@types/howler": {
      "version": "2.2.3",
      "resolved": "https://registry.npmjs.org/@types/howler/-/howler-2.2.3.tgz",
      "integrity": "sha512-rzIE56NmGh7t8LdZT/zuBMa9iZvwqVmB65gNhwNLtrGEIHdWkEDp1fVmoM/zctR4UJZFe0uP01AmPuPzOwhecA=="
    },
    "howler": {
      "version": "2.2.3",
      "resolved": "https://registry.npmjs.org/howler/-/howler-2.2.3.tgz",
      "integrity": "sha512-QM0FFkw0LRX1PR8pNzJVAY25JhIWvbKMBFM4gqk+QdV+kPXOhleWGCB6AiAF/goGjIHK2e/nIElplvjQwhr0jg=="
    },
    "ig_core": {
      "version": "http://fay.capjoy.com/library_dist/ig_core-2.0.111.tgz",
      "integrity": "sha512-b4Nu0THR+skFrgMRvm2WNO88/1VozWh7jsUKJ/leLAOb12KZv2Gt8HCFs3B6EDuSqhkJ1IKDJuBr+KsC5o9QtQ=="
    },
    "lzstring.ts": {
      "version": "2.0.1",
      "resolved": "https://registry.npmjs.org/lzstring.ts/-/lzstring.ts-2.0.1.tgz",
      "integrity": "sha512-7fx+pBL8YLShSXvdD1bl6DpO9lPOfKLfe91NtThs6xq1Uab+JYT/Nt3F8RqEjQIdNyVLaweLe1fTw3aJFPJ5Ww==",
      "dev": true,
      "requires": {
        "tslib": "^1.10.0"
      }
    }
  }
}
